
Microsoft Visual Studio Solution File, Format Version 12.00
# Visual Studio Version 17
VisualStudioVersion = 17.8.34408.163
MinimumVisualStudioVersion = 10.0.40219.1
Project("{9A19103F-16F7-4668-BE54-9A1E7A4F7556}") = "Account.Center", "Account.Center\Account.Center.csproj", "{665F21D3-7BA8-4451-B24C-0CE23F2BA707}"
EndProject
Project("{FAE04EC0-301F-11D3-BF4B-00C04F79EFBC}") = "OrderApp", "OrderApp\OrderApp.csproj", "{DAF77824-56A1-424C-B94E-D96C96E5FC5C}"
EndProject
Project("{FAE04EC0-301F-11D3-BF4B-00C04F79EFBC}") = "RepositoryApp", "RepositoryApp\RepositoryApp.csproj", "{8CE854BC-FE97-4F1F-84E5-FA5DE0E81859}"
EndProject
Global
	GlobalSection(SolutionConfigurationPlatforms) = preSolution
		Debug|Any CPU = Debug|Any CPU
		Release|Any CPU = Release|Any CPU
	EndGlobalSection
	GlobalSection(ProjectConfigurationPlatforms) = postSolution
		{665F21D3-7BA8-4451-B24C-0CE23F2BA707}.Debug|Any CPU.ActiveCfg = Debug|Any CPU
		{665F21D3-7BA8-4451-B24C-0CE23F2BA707}.Debug|Any CPU.Build.0 = Debug|Any CPU
		{665F21D3-7BA8-4451-B24C-0CE23F2BA707}.Release|Any CPU.ActiveCfg = Release|Any CPU
		{665F21D3-7BA8-4451-B24C-0CE23F2BA707}.Release|Any CPU.Build.0 = Release|Any CPU
		{DAF77824-56A1-424C-B94E-D96C96E5FC5C}.Debug|Any CPU.ActiveCfg = Debug|Any CPU
		{DAF77824-56A1-424C-B94E-D96C96E5FC5C}.Debug|Any CPU.Build.0 = Debug|Any CPU
		{DAF77824-56A1-424C-B94E-D96C96E5FC5C}.Release|Any CPU.ActiveCfg = Release|Any CPU
		{DAF77824-56A1-424C-B94E-D96C96E5FC5C}.Release|Any CPU.Build.0 = Release|Any CPU
		{8CE854BC-FE97-4F1F-84E5-FA5DE0E81859}.Debug|Any CPU.ActiveCfg = Debug|Any CPU
		{8CE854BC-FE97-4F1F-84E5-FA5DE0E81859}.Debug|Any CPU.Build.0 = Debug|Any CPU
		{8CE854BC-FE97-4F1F-84E5-FA5DE0E81859}.Release|Any CPU.ActiveCfg = Release|Any CPU
		{8CE854BC-FE97-4F1F-84E5-FA5DE0E81859}.Release|Any CPU.Build.0 = Release|Any CPU
	EndGlobalSection
	GlobalSection(SolutionProperties) = preSolution
		HideSolutionNode = FALSE
	EndGlobalSection
	GlobalSection(ExtensibilityGlobals) = postSolution
		SolutionGuid = {67BC2DC8-FA77-44E2-A936-1AB3D57C59D3}
	EndGlobalSection
EndGlobal
